{"1.2.0",
[{<<"quic">>,{pkg,<<"quic">>,<<"1.4.4">>},0},
 {<<"telemetry">>,{pkg,<<"telemetry">>,<<"1.4.2">>},0}]}.
[
{pkg_hash,[
 {<<"quic">>, <<"8654B807D4E383A4E133BF3B1F15CAC8EA23B64AC052EF481DE7796DB454C5D3">>},
 {<<"telemetry">>, <<"A0CB522801DFFB1C49FE6E30561BADFFC7B6D0E180DB1300DF759FAA22062855">>}]},
{pkg_hash_ext,[
 {<<"quic">>, <<"8725834084191F5690EF6F3E5D9311573287A322D18749B01C1D931F5F304064">>},
 {<<"telemetry">>, <<"928F6495066506077862C0D1646609EED891A4326BEE3126BA54B60AF61FEBB1">>}]}
].
