{"1.2.0",
[{<<"quic">>,{pkg,<<"quic">>,<<"1.5.0">>},0},
 {<<"telemetry">>,{pkg,<<"telemetry">>,<<"1.4.2">>},0}]}.
[
{pkg_hash,[
 {<<"quic">>, <<"BD72F84C9670F0F11BBA4C950B88A9C199E80DA1EE3DD97D847D7E91FC679829">>},
 {<<"telemetry">>, <<"A0CB522801DFFB1C49FE6E30561BADFFC7B6D0E180DB1300DF759FAA22062855">>}]},
{pkg_hash_ext,[
 {<<"quic">>, <<"97D7BCE70FE9056E5CFFF35C346AC9E27DB6B380B0DC949BB3A752FD1E2A20E9">>},
 {<<"telemetry">>, <<"928F6495066506077862C0D1646609EED891A4326BEE3126BA54B60AF61FEBB1">>}]}
].
